// !$*UTF8*$!
{
	archiveVersion = 1;
	classes = {
	};
	objectVersion = 46;
	objects = {

/* Begin PBXBuildFile section */
		9610534F1B590C31002D62A3 /* ActivitysShowView.m in Sources */ = {isa = PBXBuildFile; fileRef = 961053461B590C31002D62A3 /* ActivitysShowView.m */; };
		961053501B590C31002D62A3 /* CurrentActivitysShowCell.m in Sources */ = {isa = PBXBuildFile; fileRef = 961053481B590C31002D62A3 /* CurrentActivitysShowCell.m */; };
		961053511B590C31002D62A3 /* CurrentActivitysShowCell.xib in Resources */ = {isa = PBXBuildFile; fileRef = 961053491B590C31002D62A3 /* CurrentActivitysShowCell.xib */; };
		961053521B590C31002D62A3 /* OtherActivityShowCell.m in Sources */ = {isa = PBXBuildFile; fileRef = 9610534B1B590C31002D62A3 /* OtherActivityShowCell.m */; };
		961053531B590C31002D62A3 /* OtherActivityShowCell.xib in Resources */ = {isa = PBXBuildFile; fileRef = 9610534C1B590C31002D62A3 /* OtherActivityShowCell.xib */; };
		961053541B590C31002D62A3 /* OtherSegmentButton.m in Sources */ = {isa = PBXBuildFile; fileRef = 9610534E1B590C31002D62A3 /* OtherSegmentButton.m */; };
		961053581B590C70002D62A3 /* OtherController.m in Sources */ = {isa = PBXBuildFile; fileRef = 961053571B590C70002D62A3 /* OtherController.m */; };
		9610535B1B590C96002D62A3 /* InteractiveViewController.m in Sources */ = {isa = PBXBuildFile; fileRef = 9610535A1B590C96002D62A3 /* InteractiveViewController.m */; };
		961053611B5C9550002D62A3 /* RankShowViewCell.m in Sources */ = {isa = PBXBuildFile; fileRef = 961053601B5C9550002D62A3 /* RankShowViewCell.m */; };
		961053641B5C9C51002D62A3 /* LineLayout.m in Sources */ = {isa = PBXBuildFile; fileRef = 961053631B5C9C51002D62A3 /* LineLayout.m */; };
		961053671B5CDA89002D62A3 /* DetailActivityShowController.m in Sources */ = {isa = PBXBuildFile; fileRef = 961053661B5CDA89002D62A3 /* DetailActivityShowController.m */; };
		9610536A1B5CDB0B002D62A3 /* DetailActivityShowView.m in Sources */ = {isa = PBXBuildFile; fileRef = 961053691B5CDB0B002D62A3 /* DetailActivityShowView.m */; };
		9649B4E11B5649AC00A7F355 /* Images.xcassets in Resources */ = {isa = PBXBuildFile; fileRef = 9649B4E01B5649AC00A7F355 /* Images.xcassets */; };
		9649B4F01B5649AC00A7F355 /* appTests.m in Sources */ = {isa = PBXBuildFile; fileRef = 9649B4EF1B5649AC00A7F355 /* appTests.m */; };
		9649B5371B564DE000A7F355 /* AppDelegate.m in Sources */ = {isa = PBXBuildFile; fileRef = 9649B4FC1B564DE000A7F355 /* AppDelegate.m */; };
		9649B53A1B564DE000A7F355 /* CircleImageView.m in Sources */ = {isa = PBXBuildFile; fileRef = 9649B5051B564DE000A7F355 /* CircleImageView.m */; };
		9649B53C1B564DE000A7F355 /* AttentionViewController.m in Sources */ = {isa = PBXBuildFile; fileRef = 9649B50F1B564DE000A7F355 /* AttentionViewController.m */; };
		9649B53D1B564DE000A7F355 /* ChatViewController.m in Sources */ = {isa = PBXBuildFile; fileRef = 9649B5151B564DE000A7F355 /* ChatViewController.m */; };
		9649B53E1B564DE000A7F355 /* CompanyViewController.m in Sources */ = {isa = PBXBuildFile; fileRef = 9649B51B1B564DE000A7F355 /* CompanyViewController.m */; };
		9649B5401B564DE000A7F355 /* MainController.m in Sources */ = {isa = PBXBuildFile; fileRef = 9649B5271B564DE000A7F355 /* MainController.m */; };
		9649B5411B564DE000A7F355 /* main.m in Sources */ = {isa = PBXBuildFile; fileRef = 9649B5281B564DE000A7F355 /* main.m */; };
		9649B5421B564DE000A7F355 /* ProfileViewController.m in Sources */ = {isa = PBXBuildFile; fileRef = 9649B52C1B564DE000A7F355 /* ProfileViewController.m */; };
		9649B5451B564DE000A7F355 /* UIView+Extension.m in Sources */ = {isa = PBXBuildFile; fileRef = 9649B5351B564DE000A7F355 /* UIView+Extension.m */; };
		9649B5471B565E5900A7F355 /* CompanyViewController.storyboard in Resources */ = {isa = PBXBuildFile; fileRef = 9649B5461B565E5900A7F355 /* CompanyViewController.storyboard */; };
		9649B5521B5663CE00A7F355 /* Test1ViewController.m in Sources */ = {isa = PBXBuildFile; fileRef = 9649B5501B5663CE00A7F355 /* Test1ViewController.m */; };
		96CF8EFE1B671E93001759E2 /* RouteInfo.plist in Resources */ = {isa = PBXBuildFile; fileRef = 96CF8EFD1B671E93001759E2 /* RouteInfo.plist */; };
		96CF8F011B671F5B001759E2 /* RouteManager.m in Sources */ = {isa = PBXBuildFile; fileRef = 96CF8F001B671F5B001759E2 /* RouteManager.m */; };
		96CF8F0B1B672374001759E2 /* RouteInfoModel.m in Sources */ = {isa = PBXBuildFile; fileRef = 96CF8F0A1B672374001759E2 /* RouteInfoModel.m */; };
		96D20EAF1B5F97F300102D18 /* RankListController.m in Sources */ = {isa = PBXBuildFile; fileRef = 96D20EAE1B5F97F300102D18 /* RankListController.m */; };
		96D20EB81B60AE5D00102D18 /* DLNavBar.m in Sources */ = {isa = PBXBuildFile; fileRef = 96D20EB71B60AE5D00102D18 /* DLNavBar.m */; };
		96D20EBB1B60C4EE00102D18 /* ActivityShowTableController.m in Sources */ = {isa = PBXBuildFile; fileRef = 96D20EBA1B60C4EE00102D18 /* ActivityShowTableController.m */; };
		96D20EC01B6203A100102D18 /* HitTestView.m in Sources */ = {isa = PBXBuildFile; fileRef = 96D20EBF1B6203A100102D18 /* HitTestView.m */; };
		96D23E301B57A5870079193C /* DLNavigationController.m in Sources */ = {isa = PBXBuildFile; fileRef = 96D23E2F1B57A5870079193C /* DLNavigationController.m */; };
		96D23E331B57A6DC0079193C /* UIBarButtonItem+Extension.m in Sources */ = {isa = PBXBuildFile; fileRef = 96D23E321B57A6DC0079193C /* UIBarButtonItem+Extension.m */; };
		A41993211B5F95AB0086EAAE /* CheckViewController.m in Sources */ = {isa = PBXBuildFile; fileRef = A41993181B5F95AB0086EAAE /* CheckViewController.m */; };
		A41993221B5F95AB0086EAAE /* CompanyModel.m in Sources */ = {isa = PBXBuildFile; fileRef = A419931B1B5F95AB0086EAAE /* CompanyModel.m */; };
		A41993231B5F95AB0086EAAE /* CompanyTableViewCell.m in Sources */ = {isa = PBXBuildFile; fileRef = A419931E1B5F95AB0086EAAE /* CompanyTableViewCell.m */; };
		A41993241B5F95AB0086EAAE /* LoginMailTableViewCell.m in Sources */ = {isa = PBXBuildFile; fileRef = A41993201B5F95AB0086EAAE /* LoginMailTableViewCell.m */; };
		A419932E1B5F99910086EAAE /* woman.png in Resources */ = {isa = PBXBuildFile; fileRef = A419932A1B5F99910086EAAE /* woman.png */; };
		A419932F1B5F99910086EAAE /* gray-woman.png in Resources */ = {isa = PBXBuildFile; fileRef = A419932B1B5F99910086EAAE /* gray-woman.png */; };
		A41993301B5F99910086EAAE /* man.png in Resources */ = {isa = PBXBuildFile; fileRef = A419932C1B5F99910086EAAE /* man.png */; };
		A41993311B5F99910086EAAE /* gray-man.png in Resources */ = {isa = PBXBuildFile; fileRef = A419932D1B5F99910086EAAE /* gray-man.png */; };
		A41CF0D21B5CC0B7005C21EF /* AssetsLibrary.framework in Frameworks */ = {isa = PBXBuildFile; fileRef = A41CF0D11B5CC0B7005C21EF /* AssetsLibrary.framework */; };
		A41CF0DA1B5CE155005C21EF /* mark.png in Resources */ = {isa = PBXBuildFile; fileRef = A41CF0D91B5CE155005C21EF /* mark.png */; };
		A41CF0DE1B5D02DA005C21EF /* RankController.m in Sources */ = {isa = PBXBuildFile; fileRef = 9610535D1B5C9317002D62A3 /* RankController.m */; };
		A422697A1B671D7E001B4DE6 /* DLNetworkRequest.m in Sources */ = {isa = PBXBuildFile; fileRef = A42269791B671D7E001B4DE6 /* DLNetworkRequest.m */; };
		A422697C1B672388001B4DE6 /* SystemConfiguration.framework in Frameworks */ = {isa = PBXBuildFile; fileRef = A422697B1B672388001B4DE6 /* SystemConfiguration.framework */; };
		A4311F4B1B574748004401B4 /* CompanySmallCell.m in Sources */ = {isa = PBXBuildFile; fileRef = A4311F491B574748004401B4 /* CompanySmallCell.m */; };
		A4311F4F1B57565A004401B4 /* CompanyDetailCell.m in Sources */ = {isa = PBXBuildFile; fileRef = A4311F4E1B57565A004401B4 /* CompanyDetailCell.m */; };
		A4311F521B575F37004401B4 /* CompanyHeader.m in Sources */ = {isa = PBXBuildFile; fileRef = A4311F511B575F37004401B4 /* CompanyHeader.m */; };
		A4311F551B577BE1004401B4 /* ColleagueViewController.m in Sources */ = {isa = PBXBuildFile; fileRef = A4311F541B577BE1004401B4 /* ColleagueViewController.m */; };
		A4311F5C1B577D50004401B4 /* ColleagueViewCell.m in Sources */ = {isa = PBXBuildFile; fileRef = A4311F5A1B577D50004401B4 /* ColleagueViewCell.m */; };
		A4311F5D1B577D50004401B4 /* ColleagueViewCell.xib in Resources */ = {isa = PBXBuildFile; fileRef = A4311F5B1B577D50004401B4 /* ColleagueViewCell.xib */; };
		A43E36B71B58C55500AA2FC7 /* ConditionController.m in Sources */ = {isa = PBXBuildFile; fileRef = A43E36B61B58C55500AA2FC7 /* ConditionController.m */; };
		A450560D1B608F250075E39D /* CardChooseView.m in Sources */ = {isa = PBXBuildFile; fileRef = A450560C1B608F250075E39D /* CardChooseView.m */; };
		A45056111B60CDBD0075E39D /* CompanyRegisterViewController.m in Sources */ = {isa = PBXBuildFile; fileRef = A450560F1B60CDBD0075E39D /* CompanyRegisterViewController.m */; };
		A45056171B60D2110075E39D /* welcome-4.png in Resources */ = {isa = PBXBuildFile; fileRef = A45056131B60D2110075E39D /* welcome-4.png */; };
		A45056181B60D2110075E39D /* welcome-1.png in Resources */ = {isa = PBXBuildFile; fileRef = A45056141B60D2110075E39D /* welcome-1.png */; };
		A45056191B60D2110075E39D /* welcome-2.png in Resources */ = {isa = PBXBuildFile; fileRef = A45056151B60D2110075E39D /* welcome-2.png */; };
		A450561A1B60D2110075E39D /* welcome-3.png in Resources */ = {isa = PBXBuildFile; fileRef = A45056161B60D2110075E39D /* welcome-3.png */; };
		A450561D1B60EF980075E39D /* RankItemLayoutAttr.m in Sources */ = {isa = PBXBuildFile; fileRef = A450561C1B60EF980075E39D /* RankItemLayoutAttr.m */; };
		A450561E1B60F00F0075E39D /* RankItemCell.m in Sources */ = {isa = PBXBuildFile; fileRef = 9612CFCF1B5F5E7900F7DE60 /* RankItemCell.m */; };
		A450561F1B60F01F0075E39D /* DSNavigationBar.m in Sources */ = {isa = PBXBuildFile; fileRef = 9612CFCA1B5E4AAE00F7DE60 /* DSNavigationBar.m */; };
		A45056201B60F0270075E39D /* DLNavigationBar.m in Sources */ = {isa = PBXBuildFile; fileRef = 9612CFC71B5E416900F7DE60 /* DLNavigationBar.m */; };
		A459C4BF1B620C88003D32C8 /* RegisterViewController.m in Sources */ = {isa = PBXBuildFile; fileRef = A459C4BE1B620C88003D32C8 /* RegisterViewController.m */; };
		A459C4C51B62305D003D32C8 /* GroupCardModel.m in Sources */ = {isa = PBXBuildFile; fileRef = A459C4C41B62305D003D32C8 /* GroupCardModel.m */; };
		A459C4C81B623F40003D32C8 /* GroupCardViewCell.m in Sources */ = {isa = PBXBuildFile; fileRef = A459C4C71B623F40003D32C8 /* GroupCardViewCell.m */; };
		A459C4CB1B6242A2003D32C8 /* LoginViewController.m in Sources */ = {isa = PBXBuildFile; fileRef = A459C4CA1B6242A2003D32C8 /* LoginViewController.m */; };
		A459C4CE1B624311003D32C8 /* GuideViewController.m in Sources */ = {isa = PBXBuildFile; fileRef = A459C4CD1B624311003D32C8 /* GuideViewController.m */; };
		A4651D3D1B58DFAE008BAEE8 /* No.png in Resources */ = {isa = PBXBuildFile; fileRef = A4651D3B1B58DFAE008BAEE8 /* No.png */; };
		A4651D3E1B58DFAE008BAEE8 /* OK.png in Resources */ = {isa = PBXBuildFile; fileRef = A4651D3C1B58DFAE008BAEE8 /* OK.png */; };
		A4651D401B58DFB9008BAEE8 /* 2.png in Resources */ = {isa = PBXBuildFile; fileRef = A4651D3F1B58DFB9008BAEE8 /* 2.png */; };
		A4651D421B58DFC7008BAEE8 /* addImage.png in Resources */ = {isa = PBXBuildFile; fileRef = A4651D411B58DFC7008BAEE8 /* addImage.png */; };
		A4651D871B58F8C6008BAEE8 /* delete-circular.png in Resources */ = {isa = PBXBuildFile; fileRef = A4651D861B58F8C6008BAEE8 /* delete-circular.png */; };
		A481A1F21B65C6C100845046 /* PaggingScrollView.m in Sources */ = {isa = PBXBuildFile; fileRef = 96D20EC21B620A8200102D18 /* PaggingScrollView.m */; };
		A4A009C21B579F5B005AC35F /* 2.jpg in Resources */ = {isa = PBXBuildFile; fileRef = A4A009C11B579F5B005AC35F /* 2.jpg */; };
		A4C7BE341B5E3D9D00473787 /* insert.png in Resources */ = {isa = PBXBuildFile; fileRef = A4C7BE331B5E3D9D00473787 /* insert.png */; };
		A4F315651B5E4BFB00126C8A /* ChoosePhotoController.m in Sources */ = {isa = PBXBuildFile; fileRef = A4F3155A1B5E4BFB00126C8A /* ChoosePhotoController.m */; };
		A4F315661B5E4BFB00126C8A /* ChoosePhotoView.m in Sources */ = {isa = PBXBuildFile; fileRef = A4F3155C1B5E4BFB00126C8A /* ChoosePhotoView.m */; };
		A4F315671B5E4BFB00126C8A /* PhotoCell.m in Sources */ = {isa = PBXBuildFile; fileRef = A4F3155E1B5E4BFB00126C8A /* PhotoCell.m */; };
		A4F315681B5E4BFB00126C8A /* photoHeader.m in Sources */ = {isa = PBXBuildFile; fileRef = A4F315601B5E4BFB00126C8A /* photoHeader.m */; };
		A4F315691B5E4BFB00126C8A /* PhotoPlayController.m in Sources */ = {isa = PBXBuildFile; fileRef = A4F315621B5E4BFB00126C8A /* PhotoPlayController.m */; };
		A4F3156A1B5E4BFB00126C8A /* PhotoShouCell.m in Sources */ = {isa = PBXBuildFile; fileRef = A4F315641B5E4BFB00126C8A /* PhotoShouCell.m */; };
		A4F315701B5E4F6100126C8A /* AddressViewController.m in Sources */ = {isa = PBXBuildFile; fileRef = A4F3156F1B5E4F6100126C8A /* AddressViewController.m */; };
		A4F315731B5E4F7A00126C8A /* GroupViewController.m in Sources */ = {isa = PBXBuildFile; fileRef = A4F315721B5E4F7A00126C8A /* GroupViewController.m */; };
		C2BB2F66A5C16197F6FD8E9D /* libPods.a in Frameworks */ = {isa = PBXBuildFile; fileRef = D9388089A6ADF54035C56E5D /* libPods.a */; };
/* End PBXBuildFile section */

/* Begin PBXContainerItemProxy section */
		9649B4EA1B5649AC00A7F355 /* PBXContainerItemProxy */ = {
			isa = PBXContainerItemProxy;
			containerPortal = 9649B4C81B5649AB00A7F355 /* Project object */;
			proxyType = 1;
			remoteGlobalIDString = 9649B4CF1B5649AC00A7F355;
			remoteInfo = app;
		};
/* End PBXContainerItemProxy section */

/* Begin PBXFileReference section */
		10F0C3979CC574166680CAB5 /* Pods.debug.xcconfig */ = {isa = PBXFileReference; includeInIndex = 1; lastKnownFileType = text.xcconfig; name = Pods.debug.xcconfig; path = "Pods/Target Support Files/Pods/Pods.debug.xcconfig"; sourceTree = "<group>"; };
		961053451B590C31002D62A3 /* ActivitysShowView.h */ = {isa = PBXFileReference; fileEncoding = 4; lastKnownFileType = sourcecode.c.h; path = ActivitysShowView.h; sourceTree = "<group>"; };
		961053461B590C31002D62A3 /* ActivitysShowView.m */ = {isa = PBXFileReference; fileEncoding = 4; lastKnownFileType = sourcecode.c.objc; path = ActivitysShowView.m; sourceTree = "<group>"; };
		961053471B590C31002D62A3 /* CurrentActivitysShowCell.h */ = {isa = PBXFileReference; fileEncoding = 4; lastKnownFileType = sourcecode.c.h; path = CurrentActivitysShowCell.h; sourceTree = "<group>"; };
		961053481B590C31002D62A3 /* CurrentActivitysShowCell.m */ = {isa = PBXFileReference; fileEncoding = 4; lastKnownFileType = sourcecode.c.objc; path = CurrentActivitysShowCell.m; sourceTree = "<group>"; };
		961053491B590C31002D62A3 /* CurrentActivitysShowCell.xib */ = {isa = PBXFileReference; fileEncoding = 4; lastKnownFileType = file.xib; path = CurrentActivitysShowCell.xib; sourceTree = "<group>"; };
		9610534A1B590C31002D62A3 /* OtherActivityShowCell.h */ = {isa = PBXFileReference; fileEncoding = 4; lastKnownFileType = sourcecode.c.h; path = OtherActivityShowCell.h; sourceTree = "<group>"; };
		9610534B1B590C31002D62A3 /* OtherActivityShowCell.m */ = {isa = PBXFileReference; fileEncoding = 4; lastKnownFileType = sourcecode.c.objc; path = OtherActivityShowCell.m; sourceTree = "<group>"; };
		9610534C1B590C31002D62A3 /* OtherActivityShowCell.xib */ = {isa = PBXFileReference; fileEncoding = 4; lastKnownFileType = file.xib; path = OtherActivityShowCell.xib; sourceTree = "<group>"; };
		9610534D1B590C31002D62A3 /* OtherSegmentButton.h */ = {isa = PBXFileReference; fileEncoding = 4; lastKnownFileType = sourcecode.c.h; path = OtherSegmentButton.h; sourceTree = "<group>"; };
		9610534E1B590C31002D62A3 /* OtherSegmentButton.m */ = {isa = PBXFileReference; fileEncoding = 4; lastKnownFileType = sourcecode.c.objc; path = OtherSegmentButton.m; sourceTree = "<group>"; };
		961053561B590C70002D62A3 /* OtherController.h */ = {isa = PBXFileReference; fileEncoding = 4; lastKnownFileType = sourcecode.c.h; path = OtherController.h; sourceTree = "<group>"; };
		961053571B590C70002D62A3 /* OtherController.m */ = {isa = PBXFileReference; fileEncoding = 4; lastKnownFileType = sourcecode.c.objc; path = OtherController.m; sourceTree = "<group>"; };
		961053591B590C96002D62A3 /* InteractiveViewController.h */ = {isa = PBXFileReference; fileEncoding = 4; lastKnownFileType = sourcecode.c.h; path = InteractiveViewController.h; sourceTree = "<group>"; };
		9610535A1B590C96002D62A3 /* InteractiveViewController.m */ = {isa = PBXFileReference; fileEncoding = 4; lastKnownFileType = sourcecode.c.objc; path = InteractiveViewController.m; sourceTree = "<group>"; };
		9610535C1B5C9317002D62A3 /* RankController.h */ = {isa = PBXFileReference; fileEncoding = 4; lastKnownFileType = sourcecode.c.h; path = RankController.h; sourceTree = "<group>"; };
		9610535D1B5C9317002D62A3 /* RankController.m */ = {isa = PBXFileReference; fileEncoding = 4; lastKnownFileType = sourcecode.c.objc; path = RankController.m; sourceTree = "<group>"; };
		9610535F1B5C9550002D62A3 /* RankShowViewCell.h */ = {isa = PBXFileReference; fileEncoding = 4; lastKnownFileType = sourcecode.c.h; path = RankShowViewCell.h; sourceTree = "<group>"; };
		961053601B5C9550002D62A3 /* RankShowViewCell.m */ = {isa = PBXFileReference; fileEncoding = 4; lastKnownFileType = sourcecode.c.objc; path = RankShowViewCell.m; sourceTree = "<group>"; };
		961053621B5C9C51002D62A3 /* LineLayout.h */ = {isa = PBXFileReference; fileEncoding = 4; lastKnownFileType = sourcecode.c.h; path = LineLayout.h; sourceTree = "<group>"; };
		961053631B5C9C51002D62A3 /* LineLayout.m */ = {isa = PBXFileReference; fileEncoding = 4; lastKnownFileType = sourcecode.c.objc; path = LineLayout.m; sourceTree = "<group>"; };
		961053651B5CDA89002D62A3 /* DetailActivityShowController.h */ = {isa = PBXFileReference; fileEncoding = 4; lastKnownFileType = sourcecode.c.h; path = DetailActivityShowController.h; sourceTree = "<group>"; };
		961053661B5CDA89002D62A3 /* DetailActivityShowController.m */ = {isa = PBXFileReference; fileEncoding = 4; lastKnownFileType = sourcecode.c.objc; path = DetailActivityShowController.m; sourceTree = "<group>"; };
		961053681B5CDB0B002D62A3 /* DetailActivityShowView.h */ = {isa = PBXFileReference; fileEncoding = 4; lastKnownFileType = sourcecode.c.h; path = DetailActivityShowView.h; sourceTree = "<group>"; };
		961053691B5CDB0B002D62A3 /* DetailActivityShowView.m */ = {isa = PBXFileReference; fileEncoding = 4; lastKnownFileType = sourcecode.c.objc; path = DetailActivityShowView.m; sourceTree = "<group>"; };
		9612CFC61B5E416900F7DE60 /* DLNavigationBar.h */ = {isa = PBXFileReference; fileEncoding = 4; lastKnownFileType = sourcecode.c.h; path = DLNavigationBar.h; sourceTree = "<group>"; };
		9612CFC71B5E416900F7DE60 /* DLNavigationBar.m */ = {isa = PBXFileReference; fileEncoding = 4; lastKnownFileType = sourcecode.c.objc; path = DLNavigationBar.m; sourceTree = "<group>"; };
		9612CFC91B5E4AAE00F7DE60 /* DSNavigationBar.h */ = {isa = PBXFileReference; fileEncoding = 4; lastKnownFileType = sourcecode.c.h; path = DSNavigationBar.h; sourceTree = "<group>"; };
		9612CFCA1B5E4AAE00F7DE60 /* DSNavigationBar.m */ = {isa = PBXFileReference; fileEncoding = 4; lastKnownFileType = sourcecode.c.objc; path = DSNavigationBar.m; sourceTree = "<group>"; };
		9612CFCE1B5F5E7900F7DE60 /* RankItemCell.h */ = {isa = PBXFileReference; fileEncoding = 4; lastKnownFileType = sourcecode.c.h; path = RankItemCell.h; sourceTree = "<group>"; };
		9612CFCF1B5F5E7900F7DE60 /* RankItemCell.m */ = {isa = PBXFileReference; fileEncoding = 4; lastKnownFileType = sourcecode.c.objc; path = RankItemCell.m; sourceTree = "<group>"; };
		9612CFD01B5F5E7900F7DE60 /* RankItemCell.xib */ = {isa = PBXFileReference; fileEncoding = 4; lastKnownFileType = file.xib; path = RankItemCell.xib; sourceTree = "<group>"; };
		9649B4D01B5649AC00A7F355 /* app.app */ = {isa = PBXFileReference; explicitFileType = wrapper.application; includeInIndex = 0; path = app.app; sourceTree = BUILT_PRODUCTS_DIR; };
		9649B4D41B5649AC00A7F355 /* Info.plist */ = {isa = PBXFileReference; lastKnownFileType = text.plist.xml; path = Info.plist; sourceTree = "<group>"; };
		9649B4E01B5649AC00A7F355 /* Images.xcassets */ = {isa = PBXFileReference; lastKnownFileType = folder.assetcatalog; path = Images.xcassets; sourceTree = "<group>"; };
		9649B4E31B5649AC00A7F355 /* Base */ = {isa = PBXFileReference; lastKnownFileType = file.xib; name = Base; path = Base.lproj/LaunchScreen.xib; sourceTree = "<group>"; };
		9649B4E91B5649AC00A7F355 /* appTests.xctest */ = {isa = PBXFileReference; explicitFileType = wrapper.cfbundle; includeInIndex = 0; path = appTests.xctest; sourceTree = BUILT_PRODUCTS_DIR; };
		9649B4EE1B5649AC00A7F355 /* Info.plist */ = {isa = PBXFileReference; lastKnownFileType = text.plist.xml; path = Info.plist; sourceTree = "<group>"; };
		9649B4EF1B5649AC00A7F355 /* appTests.m */ = {isa = PBXFileReference; lastKnownFileType = sourcecode.c.objc; path = appTests.m; sourceTree = "<group>"; };
		9649B4FB1B564DE000A7F355 /* AppDelegate.h */ = {isa = PBXFileReference; fileEncoding = 4; lastKnownFileType = sourcecode.c.h; path = AppDelegate.h; sourceTree = "<group>"; };
		9649B4FC1B564DE000A7F355 /* AppDelegate.m */ = {isa = PBXFileReference; fileEncoding = 4; lastKnownFileType = sourcecode.c.objc; path = AppDelegate.m; sourceTree = "<group>"; };
		9649B5041B564DE000A7F355 /* CircleImageView.h */ = {isa = PBXFileReference; fileEncoding = 4; lastKnownFileType = sourcecode.c.h; path = CircleImageView.h; sourceTree = "<group>"; };
		9649B5051B564DE000A7F355 /* CircleImageView.m */ = {isa = PBXFileReference; fileEncoding = 4; lastKnownFileType = sourcecode.c.objc; path = CircleImageView.m; sourceTree = "<group>"; };
		9649B5081B564DE000A7F355 /* PrefixHeader.pch */ = {isa = PBXFileReference; fileEncoding = 4; lastKnownFileType = sourcecode.c.h; path = PrefixHeader.pch; sourceTree = "<group>"; };
		9649B50E1B564DE000A7F355 /* AttentionViewController.h */ = {isa = PBXFileReference; fileEncoding = 4; lastKnownFileType = sourcecode.c.h; path = AttentionViewController.h; sourceTree = "<group>"; };
		9649B50F1B564DE000A7F355 /* AttentionViewController.m */ = {isa = PBXFileReference; fileEncoding = 4; lastKnownFileType = sourcecode.c.objc; path = AttentionViewController.m; sourceTree = "<group>"; };
		9649B5141B564DE000A7F355 /* ChatViewController.h */ = {isa = PBXFileReference; fileEncoding = 4; lastKnownFileType = sourcecode.c.h; path = ChatViewController.h; sourceTree = "<group>"; };
		9649B5151B564DE000A7F355 /* ChatViewController.m */ = {isa = PBXFileReference; fileEncoding = 4; lastKnownFileType = sourcecode.c.objc; path = ChatViewController.m; sourceTree = "<group>"; };
		9649B51A1B564DE000A7F355 /* CompanyViewController.h */ = {isa = PBXFileReference; fileEncoding = 4; lastKnownFileType = sourcecode.c.h; path = CompanyViewController.h; sourceTree = "<group>"; };
		9649B51B1B564DE000A7F355 /* CompanyViewController.m */ = {isa = PBXFileReference; fileEncoding = 4; lastKnownFileType = sourcecode.c.objc; path = CompanyViewController.m; sourceTree = "<group>"; };
		9649B5261B564DE000A7F355 /* MainController.h */ = {isa = PBXFileReference; fileEncoding = 4; lastKnownFileType = sourcecode.c.h; path = MainController.h; sourceTree = "<group>"; };
		9649B5271B564DE000A7F355 /* MainController.m */ = {isa = PBXFileReference; fileEncoding = 4; lastKnownFileType = sourcecode.c.objc; path = MainController.m; sourceTree = "<group>"; };
		9649B5281B564DE000A7F355 /* main.m */ = {isa = PBXFileReference; fileEncoding = 4; lastKnownFileType = sourcecode.c.objc; path = main.m; sourceTree = "<group>"; };
		9649B52B1B564DE000A7F355 /* ProfileViewController.h */ = {isa = PBXFileReference; fileEncoding = 4; lastKnownFileType = sourcecode.c.h; path = ProfileViewController.h; sourceTree = "<group>"; };
		9649B52C1B564DE000A7F355 /* ProfileViewController.m */ = {isa = PBXFileReference; fileEncoding = 4; lastKnownFileType = sourcecode.c.objc; path = ProfileViewController.m; sourceTree = "<group>"; };
		9649B5341B564DE000A7F355 /* UIView+Extension.h */ = {isa = PBXFileReference; fileEncoding = 4; lastKnownFileType = sourcecode.c.h; path = "UIView+Extension.h"; sourceTree = "<group>"; };
		9649B5351B564DE000A7F355 /* UIView+Extension.m */ = {isa = PBXFileReference; fileEncoding = 4; lastKnownFileType = sourcecode.c.objc; path = "UIView+Extension.m"; sourceTree = "<group>"; };
		9649B5461B565E5900A7F355 /* CompanyViewController.storyboard */ = {isa = PBXFileReference; fileEncoding = 4; lastKnownFileType = file.storyboard; path = CompanyViewController.storyboard; sourceTree = "<group>"; };
		9649B54F1B5663CE00A7F355 /* Test1ViewController.h */ = {isa = PBXFileReference; fileEncoding = 4; lastKnownFileType = sourcecode.c.h; path = Test1ViewController.h; sourceTree = "<group>"; };
		9649B5501B5663CE00A7F355 /* Test1ViewController.m */ = {isa = PBXFileReference; fileEncoding = 4; lastKnownFileType = sourcecode.c.objc; path = Test1ViewController.m; sourceTree = "<group>"; };
		96CF8EFD1B671E93001759E2 /* RouteInfo.plist */ = {isa = PBXFileReference; fileEncoding = 4; lastKnownFileType = text.plist.xml; path = RouteInfo.plist; sourceTree = "<group>"; };
		96CF8EFF1B671F5B001759E2 /* RouteManager.h */ = {isa = PBXFileReference; fileEncoding = 4; lastKnownFileType = sourcecode.c.h; path = RouteManager.h; sourceTree = "<group>"; };
		96CF8F001B671F5B001759E2 /* RouteManager.m */ = {isa = PBXFileReference; fileEncoding = 4; lastKnownFileType = sourcecode.c.objc; path = RouteManager.m; sourceTree = "<group>"; };
		96CF8F091B672374001759E2 /* RouteInfoModel.h */ = {isa = PBXFileReference; fileEncoding = 4; lastKnownFileType = sourcecode.c.h; path = RouteInfoModel.h; sourceTree = "<group>"; };
		96CF8F0A1B672374001759E2 /* RouteInfoModel.m */ = {isa = PBXFileReference; fileEncoding = 4; lastKnownFileType = sourcecode.c.objc; path = RouteInfoModel.m; sourceTree = "<group>"; };
		96D20EAD1B5F97F300102D18 /* RankListController.h */ = {isa = PBXFileReference; fileEncoding = 4; lastKnownFileType = sourcecode.c.h; path = RankListController.h; sourceTree = "<group>"; };
		96D20EAE1B5F97F300102D18 /* RankListController.m */ = {isa = PBXFileReference; fileEncoding = 4; lastKnownFileType = sourcecode.c.objc; path = RankListController.m; sourceTree = "<group>"; };
		96D20EB61B60AE5D00102D18 /* DLNavBar.h */ = {isa = PBXFileReference; fileEncoding = 4; lastKnownFileType = sourcecode.c.h; path = DLNavBar.h; sourceTree = "<group>"; };
		96D20EB71B60AE5D00102D18 /* DLNavBar.m */ = {isa = PBXFileReference; fileEncoding = 4; lastKnownFileType = sourcecode.c.objc; path = DLNavBar.m; sourceTree = "<group>"; };
		96D20EB91B60C4EE00102D18 /* ActivityShowTableController.h */ = {isa = PBXFileReference; fileEncoding = 4; lastKnownFileType = sourcecode.c.h; path = ActivityShowTableController.h; sourceTree = "<group>"; };
		96D20EBA1B60C4EE00102D18 /* ActivityShowTableController.m */ = {isa = PBXFileReference; fileEncoding = 4; lastKnownFileType = sourcecode.c.objc; path = ActivityShowTableController.m; sourceTree = "<group>"; };
		96D20EBE1B6203A100102D18 /* HitTestView.h */ = {isa = PBXFileReference; fileEncoding = 4; lastKnownFileType = sourcecode.c.h; path = HitTestView.h; sourceTree = "<group>"; };
		96D20EBF1B6203A100102D18 /* HitTestView.m */ = {isa = PBXFileReference; fileEncoding = 4; lastKnownFileType = sourcecode.c.objc; path = HitTestView.m; sourceTree = "<group>"; };
		96D20EC11B620A8200102D18 /* PaggingScrollView.h */ = {isa = PBXFileReference; fileEncoding = 4; lastKnownFileType = sourcecode.c.h; path = PaggingScrollView.h; sourceTree = "<group>"; };
		96D20EC21B620A8200102D18 /* PaggingScrollView.m */ = {isa = PBXFileReference; fileEncoding = 4; lastKnownFileType = sourcecode.c.objc; path = PaggingScrollView.m; sourceTree = "<group>"; };
		96D23E2E1B57A5870079193C /* DLNavigationController.h */ = {isa = PBXFileReference; fileEncoding = 4; lastKnownFileType = sourcecode.c.h; path = DLNavigationController.h; sourceTree = "<group>"; };
		96D23E2F1B57A5870079193C /* DLNavigationController.m */ = {isa = PBXFileReference; fileEncoding = 4; lastKnownFileType = sourcecode.c.objc; path = DLNavigationController.m; sourceTree = "<group>"; };
		96D23E311B57A6DC0079193C /* UIBarButtonItem+Extension.h */ = {isa = PBXFileReference; fileEncoding = 4; lastKnownFileType = sourcecode.c.h; path = "UIBarButtonItem+Extension.h"; sourceTree = "<group>"; };
		96D23E321B57A6DC0079193C /* UIBarButtonItem+Extension.m */ = {isa = PBXFileReference; fileEncoding = 4; lastKnownFileType = sourcecode.c.objc; path = "UIBarButtonItem+Extension.m"; sourceTree = "<group>"; };
		A41993171B5F95AB0086EAAE /* CheckViewController.h */ = {isa = PBXFileReference; fileEncoding = 4; lastKnownFileType = sourcecode.c.h; path = CheckViewController.h; sourceTree = "<group>"; };
		A41993181B5F95AB0086EAAE /* CheckViewController.m */ = {isa = PBXFileReference; fileEncoding = 4; lastKnownFileType = sourcecode.c.objc; path = CheckViewController.m; sourceTree = "<group>"; };
		A419931A1B5F95AB0086EAAE /* CompanyModel.h */ = {isa = PBXFileReference; fileEncoding = 4; lastKnownFileType = sourcecode.c.h; path = CompanyModel.h; sourceTree = "<group>"; };
		A419931B1B5F95AB0086EAAE /* CompanyModel.m */ = {isa = PBXFileReference; fileEncoding = 4; lastKnownFileType = sourcecode.c.objc; path = CompanyModel.m; sourceTree = "<group>"; };
		A419931D1B5F95AB0086EAAE /* CompanyTableViewCell.h */ = {isa = PBXFileReference; fileEncoding = 4; lastKnownFileType = sourcecode.c.h; path = CompanyTableViewCell.h; sourceTree = "<group>"; };
		A419931E1B5F95AB0086EAAE /* CompanyTableViewCell.m */ = {isa = PBXFileReference; fileEncoding = 4; lastKnownFileType = sourcecode.c.objc; path = CompanyTableViewCell.m; sourceTree = "<group>"; };
		A419931F1B5F95AB0086EAAE /* LoginMailTableViewCell.h */ = {isa = PBXFileReference; fileEncoding = 4; lastKnownFileType = sourcecode.c.h; path = LoginMailTableViewCell.h; sourceTree = "<group>"; };
		A41993201B5F95AB0086EAAE /* LoginMailTableViewCell.m */ = {isa = PBXFileReference; fileEncoding = 4; lastKnownFileType = sourcecode.c.objc; path = LoginMailTableViewCell.m; sourceTree = "<group>"; };
		A419932A1B5F99910086EAAE /* woman.png */ = {isa = PBXFileReference; lastKnownFileType = image.png; path = woman.png; sourceTree = "<group>"; };
		A419932B1B5F99910086EAAE /* gray-woman.png */ = {isa = PBXFileReference; lastKnownFileType = image.png; path = "gray-woman.png"; sourceTree = "<group>"; };
		A419932C1B5F99910086EAAE /* man.png */ = {isa = PBXFileReference; lastKnownFileType = image.png; path = man.png; sourceTree = "<group>"; };
		A419932D1B5F99910086EAAE /* gray-man.png */ = {isa = PBXFileReference; lastKnownFileType = image.png; path = "gray-man.png"; sourceTree = "<group>"; };
		A41CF0D11B5CC0B7005C21EF /* AssetsLibrary.framework */ = {isa = PBXFileReference; lastKnownFileType = wrapper.framework; name = AssetsLibrary.framework; path = System/Library/Frameworks/AssetsLibrary.framework; sourceTree = SDKROOT; };
		A41CF0D91B5CE155005C21EF /* mark.png */ = {isa = PBXFileReference; lastKnownFileType = image.png; path = mark.png; sourceTree = "<group>"; };
		A42269781B671D7E001B4DE6 /* DLNetworkRequest.h */ = {isa = PBXFileReference; fileEncoding = 4; lastKnownFileType = sourcecode.c.h; path = DLNetworkRequest.h; sourceTree = "<group>"; };
		A42269791B671D7E001B4DE6 /* DLNetworkRequest.m */ = {isa = PBXFileReference; fileEncoding = 4; lastKnownFileType = sourcecode.c.objc; path = DLNetworkRequest.m; sourceTree = "<group>"; };
		A422697B1B672388001B4DE6 /* SystemConfiguration.framework */ = {isa = PBXFileReference; lastKnownFileType = wrapper.framework; name = SystemConfiguration.framework; path = System/Library/Frameworks/SystemConfiguration.framework; sourceTree = SDKROOT; };
		A4311F481B574748004401B4 /* CompanySmallCell.h */ = {isa = PBXFileReference; fileEncoding = 4; lastKnownFileType = sourcecode.c.h; path = CompanySmallCell.h; sourceTree = "<group>"; };
		A4311F491B574748004401B4 /* CompanySmallCell.m */ = {isa = PBXFileReference; fileEncoding = 4; lastKnownFileType = sourcecode.c.objc; path = CompanySmallCell.m; sourceTree = "<group>"; };
		A4311F4D1B57565A004401B4 /* CompanyDetailCell.h */ = {isa = PBXFileReference; fileEncoding = 4; lastKnownFileType = sourcecode.c.h; path = CompanyDetailCell.h; sourceTree = "<group>"; };
		A4311F4E1B57565A004401B4 /* CompanyDetailCell.m */ = {isa = PBXFileReference; fileEncoding = 4; lastKnownFileType = sourcecode.c.objc; path = CompanyDetailCell.m; sourceTree = "<group>"; };
		A4311F501B575F37004401B4 /* CompanyHeader.h */ = {isa = PBXFileReference; fileEncoding = 4; lastKnownFileType = sourcecode.c.h; path = CompanyHeader.h; sourceTree = "<group>"; };
		A4311F511B575F37004401B4 /* CompanyHeader.m */ = {isa = PBXFileReference; fileEncoding = 4; lastKnownFileType = sourcecode.c.objc; path = CompanyHeader.m; sourceTree = "<group>"; };
		A4311F531B577BE1004401B4 /* ColleagueViewController.h */ = {isa = PBXFileReference; fileEncoding = 4; lastKnownFileType = sourcecode.c.h; path = ColleagueViewController.h; sourceTree = "<group>"; };
		A4311F541B577BE1004401B4 /* ColleagueViewController.m */ = {isa = PBXFileReference; fileEncoding = 4; lastKnownFileType = sourcecode.c.objc; path = ColleagueViewController.m; sourceTree = "<group>"; };
		A4311F591B577D50004401B4 /* ColleagueViewCell.h */ = {isa = PBXFileReference; fileEncoding = 4; lastKnownFileType = sourcecode.c.h; path = ColleagueViewCell.h; sourceTree = "<group>"; };
		A4311F5A1B577D50004401B4 /* ColleagueViewCell.m */ = {isa = PBXFileReference; fileEncoding = 4; lastKnownFileType = sourcecode.c.objc; path = ColleagueViewCell.m; sourceTree = "<group>"; };
		A4311F5B1B577D50004401B4 /* ColleagueViewCell.xib */ = {isa = PBXFileReference; fileEncoding = 4; lastKnownFileType = file.xib; path = ColleagueViewCell.xib; sourceTree = "<group>"; };
		A43E36B51B58C55500AA2FC7 /* ConditionController.h */ = {isa = PBXFileReference; fileEncoding = 4; lastKnownFileType = sourcecode.c.h; path = ConditionController.h; sourceTree = "<group>"; };
		A43E36B61B58C55500AA2FC7 /* ConditionController.m */ = {isa = PBXFileReference; fileEncoding = 4; lastKnownFileType = sourcecode.c.objc; path = ConditionController.m; sourceTree = "<group>"; };
		A450560B1B608F250075E39D /* CardChooseView.h */ = {isa = PBXFileReference; fileEncoding = 4; lastKnownFileType = sourcecode.c.h; path = CardChooseView.h; sourceTree = "<group>"; };
		A450560C1B608F250075E39D /* CardChooseView.m */ = {isa = PBXFileReference; fileEncoding = 4; lastKnownFileType = sourcecode.c.objc; path = CardChooseView.m; sourceTree = "<group>"; };
		A450560E1B60CDBD0075E39D /* CompanyRegisterViewController.h */ = {isa = PBXFileReference; fileEncoding = 4; lastKnownFileType = sourcecode.c.h; path = CompanyRegisterViewController.h; sourceTree = "<group>"; };
		A450560F1B60CDBD0075E39D /* CompanyRegisterViewController.m */ = {isa = PBXFileReference; fileEncoding = 4; lastKnownFileType = sourcecode.c.objc; path = CompanyRegisterViewController.m; sourceTree = "<group>"; };
		A45056131B60D2110075E39D /* welcome-4.png */ = {isa = PBXFileReference; lastKnownFileType = image.png; path = "welcome-4.png"; sourceTree = "<group>"; };
		A45056141B60D2110075E39D /* welcome-1.png */ = {isa = PBXFileReference; lastKnownFileType = image.png; path = "welcome-1.png"; sourceTree = "<group>"; };
		A45056151B60D2110075E39D /* welcome-2.png */ = {isa = PBXFileReference; lastKnownFileType = image.png; path = "welcome-2.png"; sourceTree = "<group>"; };
		A45056161B60D2110075E39D /* welcome-3.png */ = {isa = PBXFileReference; lastKnownFileType = image.png; path = "welcome-3.png"; sourceTree = "<group>"; };
		A450561B1B60EF980075E39D /* RankItemLayoutAttr.h */ = {isa = PBXFileReference; fileEncoding = 4; lastKnownFileType = sourcecode.c.h; name = RankItemLayoutAttr.h; path = ../Views/RankItemLayoutAttr.h; sourceTree = "<group>"; };
		A450561C1B60EF980075E39D /* RankItemLayoutAttr.m */ = {isa = PBXFileReference; fileEncoding = 4; lastKnownFileType = sourcecode.c.objc; name = RankItemLayoutAttr.m; path = ../Views/RankItemLayoutAttr.m; sourceTree = "<group>"; };
		A45056221B60F1B80075E39D /* NotificationMacro.h */ = {isa = PBXFileReference; fileEncoding = 4; lastKnownFileType = sourcecode.c.h; path = NotificationMacro.h; sourceTree = "<group>"; };
		A459C4BD1B620C88003D32C8 /* RegisterViewController.h */ = {isa = PBXFileReference; fileEncoding = 4; lastKnownFileType = sourcecode.c.h; path = RegisterViewController.h; sourceTree = "<group>"; };
		A459C4BE1B620C88003D32C8 /* RegisterViewController.m */ = {isa = PBXFileReference; fileEncoding = 4; lastKnownFileType = sourcecode.c.objc; path = RegisterViewController.m; sourceTree = "<group>"; };
		A459C4C31B62305D003D32C8 /* GroupCardModel.h */ = {isa = PBXFileReference; fileEncoding = 4; lastKnownFileType = sourcecode.c.h; path = GroupCardModel.h; sourceTree = "<group>"; };
		A459C4C41B62305D003D32C8 /* GroupCardModel.m */ = {isa = PBXFileReference; fileEncoding = 4; lastKnownFileType = sourcecode.c.objc; path = GroupCardModel.m; sourceTree = "<group>"; };
		A459C4C61B623F40003D32C8 /* GroupCardViewCell.h */ = {isa = PBXFileReference; fileEncoding = 4; lastKnownFileType = sourcecode.c.h; path = GroupCardViewCell.h; sourceTree = "<group>"; };
		A459C4C71B623F40003D32C8 /* GroupCardViewCell.m */ = {isa = PBXFileReference; fileEncoding = 4; lastKnownFileType = sourcecode.c.objc; path = GroupCardViewCell.m; sourceTree = "<group>"; };
		A459C4C91B6242A2003D32C8 /* LoginViewController.h */ = {isa = PBXFileReference; fileEncoding = 4; lastKnownFileType = sourcecode.c.h; path = LoginViewController.h; sourceTree = "<group>"; };
		A459C4CA1B6242A2003D32C8 /* LoginViewController.m */ = {isa = PBXFileReference; fileEncoding = 4; lastKnownFileType = sourcecode.c.objc; path = LoginViewController.m; sourceTree = "<group>"; };
		A459C4CC1B624311003D32C8 /* GuideViewController.h */ = {isa = PBXFileReference; fileEncoding = 4; lastKnownFileType = sourcecode.c.h; path = GuideViewController.h; sourceTree = "<group>"; };
		A459C4CD1B624311003D32C8 /* GuideViewController.m */ = {isa = PBXFileReference; fileEncoding = 4; lastKnownFileType = sourcecode.c.objc; path = GuideViewController.m; sourceTree = "<group>"; };
		A4651D3B1B58DFAE008BAEE8 /* No.png */ = {isa = PBXFileReference; lastKnownFileType = image.png; path = No.png; sourceTree = "<group>"; };
		A4651D3C1B58DFAE008BAEE8 /* OK.png */ = {isa = PBXFileReference; lastKnownFileType = image.png; path = OK.png; sourceTree = "<group>"; };
		A4651D3F1B58DFB9008BAEE8 /* 2.png */ = {isa = PBXFileReference; lastKnownFileType = image.png; path = 2.png; sourceTree = "<group>"; };
		A4651D411B58DFC7008BAEE8 /* addImage.png */ = {isa = PBXFileReference; lastKnownFileType = image.png; path = addImage.png; sourceTree = "<group>"; };
		A4651D861B58F8C6008BAEE8 /* delete-circular.png */ = {isa = PBXFileReference; lastKnownFileType = image.png; path = "delete-circular.png"; sourceTree = "<group>"; };
		A4A009C11B579F5B005AC35F /* 2.jpg */ = {isa = PBXFileReference; lastKnownFileType = image.jpeg; path = 2.jpg; sourceTree = "<group>"; };
		A4C7BE331B5E3D9D00473787 /* insert.png */ = {isa = PBXFileReference; lastKnownFileType = image.png; path = insert.png; sourceTree = "<group>"; };
		A4F315591B5E4BFB00126C8A /* ChoosePhotoController.h */ = {isa = PBXFileReference; fileEncoding = 4; lastKnownFileType = sourcecode.c.h; path = ChoosePhotoController.h; sourceTree = "<group>"; };
		A4F3155A1B5E4BFB00126C8A /* ChoosePhotoController.m */ = {isa = PBXFileReference; fileEncoding = 4; lastKnownFileType = sourcecode.c.objc; path = ChoosePhotoController.m; sourceTree = "<group>"; };
		A4F3155B1B5E4BFB00126C8A /* ChoosePhotoView.h */ = {isa = PBXFileReference; fileEncoding = 4; lastKnownFileType = sourcecode.c.h; path = ChoosePhotoView.h; sourceTree = "<group>"; };
		A4F3155C1B5E4BFB00126C8A /* ChoosePhotoView.m */ = {isa = PBXFileReference; fileEncoding = 4; lastKnownFileType = sourcecode.c.objc; path = ChoosePhotoView.m; sourceTree = "<group>"; };
		A4F3155D1B5E4BFB00126C8A /* PhotoCell.h */ = {isa = PBXFileReference; fileEncoding = 4; lastKnownFileType = sourcecode.c.h; path = PhotoCell.h; sourceTree = "<group>"; };
		A4F3155E1B5E4BFB00126C8A /* PhotoCell.m */ = {isa = PBXFileReference; fileEncoding = 4; lastKnownFileType = sourcecode.c.objc; path = PhotoCell.m; sourceTree = "<group>"; };
		A4F3155F1B5E4BFB00126C8A /* photoHeader.h */ = {isa = PBXFileReference; fileEncoding = 4; lastKnownFileType = sourcecode.c.h; path = photoHeader.h; sourceTree = "<group>"; };
		A4F315601B5E4BFB00126C8A /* photoHeader.m */ = {isa = PBXFileReference; fileEncoding = 4; lastKnownFileType = sourcecode.c.objc; path = photoHeader.m; sourceTree = "<group>"; };
		A4F315611B5E4BFB00126C8A /* PhotoPlayController.h */ = {isa = PBXFileReference; fileEncoding = 4; lastKnownFileType = sourcecode.c.h; path = PhotoPlayController.h; sourceTree = "<group>"; };
		A4F315621B5E4BFB00126C8A /* PhotoPlayController.m */ = {isa = PBXFileReference; fileEncoding = 4; lastKnownFileType = sourcecode.c.objc; path = PhotoPlayController.m; sourceTree = "<group>"; };
		A4F315631B5E4BFB00126C8A /* PhotoShouCell.h */ = {isa = PBXFileReference; fileEncoding = 4; lastKnownFileType = sourcecode.c.h; path = PhotoShouCell.h; sourceTree = "<group>"; };
		A4F315641B5E4BFB00126C8A /* PhotoShouCell.m */ = {isa = PBXFileReference; fileEncoding = 4; lastKnownFileType = sourcecode.c.objc; path = PhotoShouCell.m; sourceTree = "<group>"; };
		A4F3156E1B5E4F6100126C8A /* AddressViewController.h */ = {isa = PBXFileReference; fileEncoding = 4; lastKnownFileType = sourcecode.c.h; path = AddressViewController.h; sourceTree = "<group>"; };
		A4F3156F1B5E4F6100126C8A /* AddressViewController.m */ = {isa = PBXFileReference; fileEncoding = 4; lastKnownFileType = sourcecode.c.objc; path = AddressViewController.m; sourceTree = "<group>"; };
		A4F315711B5E4F7A00126C8A /* GroupViewController.h */ = {isa = PBXFileReference; fileEncoding = 4; lastKnownFileType = sourcecode.c.h; path = GroupViewController.h; sourceTree = "<group>"; };
		A4F315721B5E4F7A00126C8A /* GroupViewController.m */ = {isa = PBXFileReference; fileEncoding = 4; lastKnownFileType = sourcecode.c.objc; path = GroupViewController.m; sourceTree = "<group>"; };
		C836FD3FBA4AB74B0A650FF1 /* Pods.release.xcconfig */ = {isa = PBXFileReference; includeInIndex = 1; lastKnownFileType = text.xcconfig; name = Pods.release.xcconfig; path = "Pods/Target Support Files/Pods/Pods.release.xcconfig"; sourceTree = "<group>"; };
		D9388089A6ADF54035C56E5D /* libPods.a */ = {isa = PBXFileReference; explicitFileType = archive.ar; includeInIndex = 0; path = libPods.a; sourceTree = BUILT_PRODUCTS_DIR; };
/* End PBXFileReference section */

/* Begin PBXFrameworksBuildPhase section */
		9649B4CD1B5649AC00A7F355 /* Frameworks */ = {
			isa = PBXFrameworksBuildPhase;
			buildActionMask = 2147483647;
			files = (
				A422697C1B672388001B4DE6 /* SystemConfiguration.framework in Frameworks */,
				A41CF0D21B5CC0B7005C21EF /* AssetsLibrary.framework in Frameworks */,
				C2BB2F66A5C16197F6FD8E9D /* libPods.a in Frameworks */,
			);
			runOnlyForDeploymentPostprocessing = 0;
		};
		9649B4E61B5649AC00A7F355 /* Frameworks */ = {
			isa = PBXFrameworksBuildPhase;
			buildActionMask = 2147483647;
			files = (
			);
			runOnlyForDeploymentPostprocessing = 0;
		};
/* End PBXFrameworksBuildPhase section */

/* Begin PBXGroup section */
		3CFFC9A3A1359B069B300BCE /* Pods */ = {
			isa = PBXGroup;
			children = (
				10F0C3979CC574166680CAB5 /* Pods.debug.xcconfig */,
				C836FD3FBA4AB74B0A650FF1 /* Pods.release.xcconfig */,
			);
			name = Pods;
			sourceTree = "<group>";
		};
		528AD80964192770FD7E639E /* Frameworks */ = {
			isa = PBXGroup;
			children = (
				A422697B1B672388001B4DE6 /* SystemConfiguration.framework */,
				A41CF0D11B5CC0B7005C21EF /* AssetsLibrary.framework */,
				D9388089A6ADF54035C56E5D /* libPods.a */,
			);
			name = Frameworks;
			sourceTree = "<group>";
		};
		961053431B590C31002D62A3 /* Models */ = {
			isa = PBXGroup;
			children = (
			);
			path = Models;
			sourceTree = "<group>";
		};
		961053441B590C31002D62A3 /* Views */ = {
			isa = PBXGroup;
			children = (
				961053451B590C31002D62A3 /* ActivitysShowView.h */,
				961053461B590C31002D62A3 /* ActivitysShowView.m */,
				961053471B590C31002D62A3 /* CurrentActivitysShowCell.h */,
				961053481B590C31002D62A3 /* CurrentActivitysShowCell.m */,
				961053491B590C31002D62A3 /* CurrentActivitysShowCell.xib */,
				9610534A1B590C31002D62A3 /* OtherActivityShowCell.h */,
				9610534B1B590C31002D62A3 /* OtherActivityShowCell.m */,
				9610534C1B590C31002D62A3 /* OtherActivityShowCell.xib */,
				9610534D1B590C31002D62A3 /* OtherSegmentButton.h */,
				9610534E1B590C31002D62A3 /* OtherSegmentButton.m */,
				9610535F1B5C9550002D62A3 /* RankShowViewCell.h */,
				961053601B5C9550002D62A3 /* RankShowViewCell.m */,
				961053621B5C9C51002D62A3 /* LineLayout.h */,
				961053631B5C9C51002D62A3 /* LineLayout.m */,
				961053681B5CDB0B002D62A3 /* DetailActivityShowView.h */,
				961053691B5CDB0B002D62A3 /* DetailActivityShowView.m */,
				9612CFCE1B5F5E7900F7DE60 /* RankItemCell.h */,
				9612CFCF1B5F5E7900F7DE60 /* RankItemCell.m */,
				9612CFD01B5F5E7900F7DE60 /* RankItemCell.xib */,
				96D20EB61B60AE5D00102D18 /* DLNavBar.h */,
				96D20EB71B60AE5D00102D18 /* DLNavBar.m */,
				96D20EC11B620A8200102D18 /* PaggingScrollView.h */,
				96D20EC21B620A8200102D18 /* PaggingScrollView.m */,
			);
			path = Views;
			sourceTree = "<group>";
		};
		961053551B590C70002D62A3 /* Controllers */ = {
			isa = PBXGroup;
			children = (
				961053591B590C96002D62A3 /* InteractiveViewController.h */,
				9610535A1B590C96002D62A3 /* InteractiveViewController.m */,
				961053561B590C70002D62A3 /* OtherController.h */,
				961053571B590C70002D62A3 /* OtherController.m */,
				9610535C1B5C9317002D62A3 /* RankController.h */,
				9610535D1B5C9317002D62A3 /* RankController.m */,
				961053651B5CDA89002D62A3 /* DetailActivityShowController.h */,
				961053661B5CDA89002D62A3 /* DetailActivityShowController.m */,
				96D20EAD1B5F97F300102D18 /* RankListController.h */,
				96D20EAE1B5F97F300102D18 /* RankListController.m */,
				96D20EB91B60C4EE00102D18 /* ActivityShowTableController.h */,
				96D20EBA1B60C4EE00102D18 /* ActivityShowTableController.m */,
				A450561B1B60EF980075E39D /* RankItemLayoutAttr.h */,
				A450561C1B60EF980075E39D /* RankItemLayoutAttr.m */,
			);
			path = Controllers;
			sourceTree = "<group>";
		};
		9612CFC51B5E414900F7DE60 /* Views */ = {
			isa = PBXGroup;
			children = (
				9612CFC91B5E4AAE00F7DE60 /* DSNavigationBar.h */,
				9612CFCA1B5E4AAE00F7DE60 /* DSNavigationBar.m */,
				9612CFC61B5E416900F7DE60 /* DLNavigationBar.h */,
				9612CFC71B5E416900F7DE60 /* DLNavigationBar.m */,
			);
			path = Views;
			sourceTree = "<group>";
		};
		9649B4C71B5649AB00A7F355 = {
			isa = PBXGroup;
			children = (
				9649B4D21B5649AC00A7F355 /* app */,
				9649B4EC1B5649AC00A7F355 /* appTests */,
				9649B4D11B5649AC00A7F355 /* Products */,
				3CFFC9A3A1359B069B300BCE /* Pods */,
				528AD80964192770FD7E639E /* Frameworks */,
			);
			sourceTree = "<group>";
		};
		9649B4D11B5649AC00A7F355 /* Products */ = {
			isa = PBXGroup;
			children = (
				9649B4D01B5649AC00A7F355 /* app.app */,
				9649B4E91B5649AC00A7F355 /* appTests.xctest */,
			);
			name = Products;
			sourceTree = "<group>";
		};
		9649B4D21B5649AC00A7F355 /* app */ = {
			isa = PBXGroup;
			children = (
				9649B4F91B564DE000A7F355 /* Classes */,
				9649B5361B564DE000A7F355 /* Resource */,
				9649B4E01B5649AC00A7F355 /* Images.xcassets */,
				9649B4E21B5649AC00A7F355 /* LaunchScreen.xib */,
				9649B4D31B5649AC00A7F355 /* Supporting Files */,
			);
			path = app;
			sourceTree = "<group>";
		};
		9649B4D31B5649AC00A7F355 /* Supporting Files */ = {
			isa = PBXGroup;
			children = (
				9649B4D41B5649AC00A7F355 /* Info.plist */,
			);
			name = "Supporting Files";
			sourceTree = "<group>";
		};
		9649B4EC1B5649AC00A7F355 /* appTests */ = {
			isa = PBXGroup;
			children = (
				9649B4EF1B5649AC00A7F355 /* appTests.m */,
				9649B4ED1B5649AC00A7F355 /* Supporting Files */,
			);
			path = appTests;
			sourceTree = "<group>";
		};
		9649B4ED1B5649AC00A7F355 /* Supporting Files */ = {
			isa = PBXGroup;
			children = (
				9649B4EE1B5649AC00A7F355 /* Info.plist */,
			);
			name = "Supporting Files";
			sourceTree = "<group>";
		};
		9649B4F91B564DE000A7F355 /* Classes */ = {
			isa = PBXGroup;
			children = (
				96CF8F051B6722EF001759E2 /* Models */,
				A45056211B60F1B80075E39D /* Macro */,
				A4A009C01B579EEC005AC35F /* Temporary */,
				9649B4FA1B564DE000A7F355 /* AppDelegate */,
				9649B4FD1B564DE000A7F355 /* General */,
				9649B5071B564DE000A7F355 /* Helpers */,
				9649B50B1B564DE000A7F355 /* Sections */,
				9649B5321B564DE000A7F355 /* Vendors */,
			);
			path = Classes;
			sourceTree = "<group>";
		};
		9649B4FA1B564DE000A7F355 /* AppDelegate */ = {
			isa = PBXGroup;
			children = (
				9649B4FB1B564DE000A7F355 /* AppDelegate.h */,
				9649B4FC1B564DE000A7F355 /* AppDelegate.m */,
				A459C4CC1B624311003D32C8 /* GuideViewController.h */,
				A459C4CD1B624311003D32C8 /* GuideViewController.m */,
			);
			path = AppDelegate;
			sourceTree = "<group>";
		};
		9649B4FD1B564DE000A7F355 /* General */ = {
			isa = PBXGroup;
			children = (
				A42269741B671CBA001B4DE6 /* NetworkRequest */,
				A450560A1B608D9E0075E39D /* CardChooseView */,
				A4F315581B5E4BFB00126C8A /* ChoosePhoto */,
				9649B5031B564DE000A7F355 /* CircleImageView */,
			);
			path = General;
			sourceTree = "<group>";
		};
		9649B5031B564DE000A7F355 /* CircleImageView */ = {
			isa = PBXGroup;
			children = (
				9649B5041B564DE000A7F355 /* CircleImageView.h */,
				9649B5051B564DE000A7F355 /* CircleImageView.m */,
			);
			path = CircleImageView;
			sourceTree = "<group>";
		};
		9649B5071B564DE000A7F355 /* Helpers */ = {
			isa = PBXGroup;
			children = (
				9649B5081B564DE000A7F355 /* PrefixHeader.pch */,
				96CF8EFF1B671F5B001759E2 /* RouteManager.h */,
				96CF8F001B671F5B001759E2 /* RouteManager.m */,
			);
			path = Helpers;
			sourceTree = "<group>";
		};
		9649B50B1B564DE000A7F355 /* Sections */ = {
			isa = PBXGroup;
			children = (
				A41993151B5F95AB0086EAAE /* LoginAndRegister */,
				9649B50C1B564DE000A7F355 /* Attention */,
				9649B5121B564DE000A7F355 /* Chat */,
				9649B5181B564DE000A7F355 /* Company */,
				9649B51E1B564DE000A7F355 /* Interactive */,
				9649B5241B564DE000A7F355 /* Main */,
				9649B5291B564DE000A7F355 /* Profile */,
			);
			path = Sections;
			sourceTree = "<group>";
		};
		9649B50C1B564DE000A7F355 /* Attention */ = {
			isa = PBXGroup;
			children = (
				9649B50D1B564DE000A7F355 /* Controllers */,
				9649B5101B564DE000A7F355 /* Models */,
				9649B5111B564DE000A7F355 /* Views */,
			);
			path = Attention;
			sourceTree = "<group>";
		};
		9649B50D1B564DE000A7F355 /* Controllers */ = {
			isa = PBXGroup;
			children = (
				9649B50E1B564DE000A7F355 /* AttentionViewController.h */,
				9649B50F1B564DE000A7F355 /* AttentionViewController.m */,
			);
			path = Controllers;
			sourceTree = "<group>";
		};
		9649B5101B564DE000A7F355 /* Models */ = {
			isa = PBXGroup;
			children = (
			);
			path = Models;
			sourceTree = "<group>";
		};
		9649B5111B564DE000A7F355 /* Views */ = {
			isa = PBXGroup;
			children = (
			);
			path = Views;
			sourceTree = "<group>";
		};
		9649B5121B564DE000A7F355 /* Chat */ = {
			isa = PBXGroup;
			children = (
				9649B5131B564DE000A7F355 /* Controllers */,
				9649B5161B564DE000A7F355 /* Models */,
				9649B5171B564DE000A7F355 /* Views */,
			);
			path = Chat;
			sourceTree = "<group>";
		};
		9649B5131B564DE000A7F355 /* Controllers */ = {
			isa = PBXGroup;
			children = (
				9649B5141B564DE000A7F355 /* ChatViewController.h */,
				9649B5151B564DE000A7F355 /* ChatViewController.m */,
			);
			path = Controllers;
			sourceTree = "<group>";
		};
		9649B5161B564DE000A7F355 /* Models */ = {
			isa = PBXGroup;
			children = (
			);
			path = Models;
			sourceTree = "<group>";
		};
		9649B5171B564DE000A7F355 /* Views */ = {
			isa = PBXGroup;
			children = (
			);
			path = Views;
			sourceTree = "<group>";
		};
		9649B5181B564DE000A7F355 /* Company */ = {
			isa = PBXGroup;
			children = (
				9649B5191B564DE000A7F355 /* Controllers */,
				9649B51C1B564DE000A7F355 /* Models */,
				9649B51D1B564DE000A7F355 /* Views */,
			);
			path = Company;
			sourceTree = "<group>";
		};
		9649B5191B564DE000A7F355 /* Controllers */ = {
			isa = PBXGroup;
			children = (
				A4F3156C1B5E4F4E00126C8A /* AddressViewController */,
				A4F3156D1B5E4F4E00126C8A /* GroupViewController */,
				9649B51A1B564DE000A7F355 /* CompanyViewController.h */,
				9649B51B1B564DE000A7F355 /* CompanyViewController.m */,
				9649B5461B565E5900A7F355 /* CompanyViewController.storyboard */,
				A4311F531B577BE1004401B4 /* ColleagueViewController.h */,
				A4311F541B577BE1004401B4 /* ColleagueViewController.m */,
				A43E36B51B58C55500AA2FC7 /* ConditionController.h */,
				A43E36B61B58C55500AA2FC7 /* ConditionController.m */,
			);
			path = Controllers;
			sourceTree = "<group>";
		};
		9649B51C1B564DE000A7F355 /* Models */ = {
			isa = PBXGroup;
			children = (
				A459C4C31B62305D003D32C8 /* GroupCardModel.h */,
				A459C4C41B62305D003D32C8 /* GroupCardModel.m */,
			);
			path = Models;
			sourceTree = "<group>";
		};
		9649B51D1B564DE000A7F355 /* Views */ = {
			isa = PBXGroup;
			children = (
				A4311F481B574748004401B4 /* CompanySmallCell.h */,
				A4311F491B574748004401B4 /* CompanySmallCell.m */,
				A4311F4D1B57565A004401B4 /* CompanyDetailCell.h */,
				A4311F4E1B57565A004401B4 /* CompanyDetailCell.m */,
				A4311F501B575F37004401B4 /* CompanyHeader.h */,
				A4311F511B575F37004401B4 /* CompanyHeader.m */,
				A4311F591B577D50004401B4 /* ColleagueViewCell.h */,
				A4311F5A1B577D50004401B4 /* ColleagueViewCell.m */,
				A4311F5B1B577D50004401B4 /* ColleagueViewCell.xib */,
				A459C4C61B623F40003D32C8 /* GroupCardViewCell.h */,
				A459C4C71B623F40003D32C8 /* GroupCardViewCell.m */,
			);
			path = Views;
			sourceTree = "<group>";
		};
		9649B51E1B564DE000A7F355 /* Interactive */ = {
			isa = PBXGroup;
			children = (
				961053551B590C70002D62A3 /* Controllers */,
				961053431B590C31002D62A3 /* Models */,
				961053441B590C31002D62A3 /* Views */,
			);
			path = Interactive;
			sourceTree = "<group>";
		};
		9649B5241B564DE000A7F355 /* Main */ = {
			isa = PBXGroup;
			children = (
				9612CFC51B5E414900F7DE60 /* Views */,
				9649B5251B564DE000A7F355 /* Controllers */,
				9649B5281B564DE000A7F355 /* main.m */,
			);
			path = Main;
			sourceTree = "<group>";
		};
		9649B5251B564DE000A7F355 /* Controllers */ = {
			isa = PBXGroup;
			children = (
				9649B5261B564DE000A7F355 /* MainController.h */,
				9649B5271B564DE000A7F355 /* MainController.m */,
				96D23E2E1B57A5870079193C /* DLNavigationController.h */,
				96D23E2F1B57A5870079193C /* DLNavigationController.m */,
			);
			path = Controllers;
			sourceTree = "<group>";
		};
		9649B5291B564DE000A7F355 /* Profile */ = {
			isa = PBXGroup;
			children = (
				96D20EBC1B62038200102D18 /* Models */,
				96D20EBD1B62038200102D18 /* Views */,
				9649B52A1B564DE000A7F355 /* Controllers */,
			);
			path = Profile;
			sourceTree = "<group>";
		};
		9649B52A1B564DE000A7F355 /* Controllers */ = {
			isa = PBXGroup;
			children = (
				9649B52B1B564DE000A7F355 /* ProfileViewController.h */,
				9649B52C1B564DE000A7F355 /* ProfileViewController.m */,
				9649B54F1B5663CE00A7F355 /* Test1ViewController.h */,
				9649B5501B5663CE00A7F355 /* Test1ViewController.m */,
			);
			path = Controllers;
			sourceTree = "<group>";
		};
		9649B5321B564DE000A7F355 /* Vendors */ = {
			isa = PBXGroup;
			children = (
				9649B5331B564DE000A7F355 /* Categorys */,
			);
			path = Vendors;
			sourceTree = "<group>";
		};
		9649B5331B564DE000A7F355 /* Categorys */ = {
			isa = PBXGroup;
			children = (
				96D23E311B57A6DC0079193C /* UIBarButtonItem+Extension.h */,
				96D23E321B57A6DC0079193C /* UIBarButtonItem+Extension.m */,
				9649B5341B564DE000A7F355 /* UIView+Extension.h */,
				9649B5351B564DE000A7F355 /* UIView+Extension.m */,
			);
			path = Categorys;
			sourceTree = "<group>";
		};
		9649B5361B564DE000A7F355 /* Resource */ = {
			isa = PBXGroup;
			children = (
				96CF8EFD1B671E93001759E2 /* RouteInfo.plist */,
			);
			path = Resource;
			sourceTree = "<group>";
		};
		96CF8F051B6722EF001759E2 /* Models */ = {
			isa = PBXGroup;
			children = (
				96CF8F091B672374001759E2 /* RouteInfoModel.h */,
				96CF8F0A1B672374001759E2 /* RouteInfoModel.m */,
			);
			path = Models;
			sourceTree = "<group>";
		};
		96D20EBC1B62038200102D18 /* Models */ = {
			isa = PBXGroup;
			children = (
			);
			path = Models;
			sourceTree = "<group>";
		};
		96D20EBD1B62038200102D18 /* Views */ = {
			isa = PBXGroup;
			children = (
				96D20EBE1B6203A100102D18 /* HitTestView.h */,
				96D20EBF1B6203A100102D18 /* HitTestView.m */,
			);
			path = Views;
			sourceTree = "<group>";
		};
		A41993151B5F95AB0086EAAE /* LoginAndRegister */ = {
			isa = PBXGroup;
			children = (
				A41993161B5F95AB0086EAAE /* Controller */,
				A41993191B5F95AB0086EAAE /* model */,
				A419931C1B5F95AB0086EAAE /* View */,
			);
			path = LoginAndRegister;
			sourceTree = "<group>";
		};
		A41993161B5F95AB0086EAAE /* Controller */ = {
			isa = PBXGroup;
			children = (
				A41993171B5F95AB0086EAAE /* CheckViewController.h */,
				A41993181B5F95AB0086EAAE /* CheckViewController.m */,
				A459C4BD1B620C88003D32C8 /* RegisterViewController.h */,
				A459C4BE1B620C88003D32C8 /* RegisterViewController.m */,
				A450560E1B60CDBD0075E39D /* CompanyRegisterViewController.h */,
				A450560F1B60CDBD0075E39D /* CompanyRegisterViewController.m */,
				A459C4C91B6242A2003D32C8 /* LoginViewController.h */,
				A459C4CA1B6242A2003D32C8 /* LoginViewController.m */,
			);
			path = Controller;
			sourceTree = "<group>";
		};
		A41993191B5F95AB0086EAAE /* model */ = {
			isa = PBXGroup;
			children = (
				A419931A1B5F95AB0086EAAE /* CompanyModel.h */,
				A419931B1B5F95AB0086EAAE /* CompanyModel.m */,
			);
			path = model;
			sourceTree = "<group>";
		};
		A419931C1B5F95AB0086EAAE /* View */ = {
			isa = PBXGroup;
			children = (
				A419931D1B5F95AB0086EAAE /* CompanyTableViewCell.h */,
				A419931E1B5F95AB0086EAAE /* CompanyTableViewCell.m */,
				A419931F1B5F95AB0086EAAE /* LoginMailTableViewCell.h */,
				A41993201B5F95AB0086EAAE /* LoginMailTableViewCell.m */,
			);
			path = View;
			sourceTree = "<group>";
		};
		A42269741B671CBA001B4DE6 /* NetworkRequest */ = {
			isa = PBXGroup;
			children = (
				A42269781B671D7E001B4DE6 /* DLNetworkRequest.h */,
				A42269791B671D7E001B4DE6 /* DLNetworkRequest.m */,
			);
			name = NetworkRequest;
			sourceTree = "<group>";
		};
		A450560A1B608D9E0075E39D /* CardChooseView */ = {
			isa = PBXGroup;
			children = (
				A450560B1B608F250075E39D /* CardChooseView.h */,
				A450560C1B608F250075E39D /* CardChooseView.m */,
			);
			name = CardChooseView;
			path = CircleImageView;
			sourceTree = "<group>";
		};
		A45056211B60F1B80075E39D /* Macro */ = {
			isa = PBXGroup;
			children = (
				A45056221B60F1B80075E39D /* NotificationMacro.h */,
			);
			path = Macro;
			sourceTree = "<group>";
		};
		A4A009C01B579EEC005AC35F /* Temporary */ = {
			isa = PBXGroup;
			children = (
				A45056141B60D2110075E39D /* welcome-1.png */,
				A45056151B60D2110075E39D /* welcome-2.png */,
				A45056161B60D2110075E39D /* welcome-3.png */,
				A45056131B60D2110075E39D /* welcome-4.png */,
				A4A009C11B579F5B005AC35F /* 2.jpg */,
				A4651D3B1B58DFAE008BAEE8 /* No.png */,
				A4651D3F1B58DFB9008BAEE8 /* 2.png */,
				A4651D411B58DFC7008BAEE8 /* addImage.png */,
				A4C7BE331B5E3D9D00473787 /* insert.png */,
				A4651D3C1B58DFAE008BAEE8 /* OK.png */,
				A4651D861B58F8C6008BAEE8 /* delete-circular.png */,
				A419932A1B5F99910086EAAE /* woman.png */,
				A419932B1B5F99910086EAAE /* gray-woman.png */,
				A419932C1B5F99910086EAAE /* man.png */,
				A419932D1B5F99910086EAAE /* gray-man.png */,
				A41CF0D91B5CE155005C21EF /* mark.png */,
			);
			name = Temporary;
			sourceTree = "<group>";
		};
		A4F315581B5E4BFB00126C8A /* ChoosePhoto */ = {
			isa = PBXGroup;
			children = (
				A4F315591B5E4BFB00126C8A /* ChoosePhotoController.h */,
				A4F3155A1B5E4BFB00126C8A /* ChoosePhotoController.m */,
				A4F3155B1B5E4BFB00126C8A /* ChoosePhotoView.h */,
				A4F3155C1B5E4BFB00126C8A /* ChoosePhotoView.m */,
				A4F3155D1B5E4BFB00126C8A /* PhotoCell.h */,
				A4F3155E1B5E4BFB00126C8A /* PhotoCell.m */,
				A4F3155F1B5E4BFB00126C8A /* photoHeader.h */,
				A4F315601B5E4BFB00126C8A /* photoHeader.m */,
				A4F315611B5E4BFB00126C8A /* PhotoPlayController.h */,
				A4F315621B5E4BFB00126C8A /* PhotoPlayController.m */,
				A4F315631B5E4BFB00126C8A /* PhotoShouCell.h */,
				A4F315641B5E4BFB00126C8A /* PhotoShouCell.m */,
			);
			path = ChoosePhoto;
			sourceTree = "<group>";
		};
		A4F3156C1B5E4F4E00126C8A /* AddressViewController */ = {
			isa = PBXGroup;
			children = (
				A4F3156E1B5E4F6100126C8A /* AddressViewController.h */,
				A4F3156F1B5E4F6100126C8A /* AddressViewController.m */,
			);
			path = AddressViewController;
			sourceTree = "<group>";
		};
		A4F3156D1B5E4F4E00126C8A /* GroupViewController */ = {
			isa = PBXGroup;
			children = (
				A4F315711B5E4F7A00126C8A /* GroupViewController.h */,
				A4F315721B5E4F7A00126C8A /* GroupViewController.m */,
			);
			path = GroupViewController;
			sourceTree = "<group>";
		};
/* End PBXGroup section */

/* Begin PBXNativeTarget section */
		9649B4CF1B5649AC00A7F355 /* app */ = {
			isa = PBXNativeTarget;
			buildConfigurationList = 9649B4F31B5649AC00A7F355 /* Build configuration list for PBXNativeTarget "app" */;
			buildPhases = (
				A9B1FD278DBBB9BA8C9ACC7B /* Check Pods Manifest.lock */,
				9649B4CC1B5649AC00A7F355 /* Sources */,
				9649B4CD1B5649AC00A7F355 /* Frameworks */,
				9649B4CE1B5649AC00A7F355 /* Resources */,
				852C18A2F334CDCFA58E6F6C /* Copy Pods Resources */,
			);
			buildRules = (
			);
			dependencies = (
			);
			name = app;
			productName = app;
			productReference = 9649B4D01B5649AC00A7F355 /* app.app */;
			productType = "com.apple.product-type.application";
		};
		9649B4E81B5649AC00A7F355 /* appTests */ = {
			isa = PBXNativeTarget;
			buildConfigurationList = 9649B4F61B5649AC00A7F355 /* Build configuration list for PBXNativeTarget "appTests" */;
			buildPhases = (
				9649B4E51B5649AC00A7F355 /* Sources */,
				9649B4E61B5649AC00A7F355 /* Frameworks */,
				9649B4E71B5649AC00A7F355 /* Resources */,
			);
			buildRules = (
			);
			dependencies = (
				9649B4EB1B5649AC00A7F355 /* PBXTargetDependency */,
			);
			name = appTests;
			productName = appTests;
			productReference = 9649B4E91B5649AC00A7F355 /* appTests.xctest */;
			productType = "com.apple.product-type.bundle.unit-test";
		};
/* End PBXNativeTarget section */

/* Begin PBXProject section */
		9649B4C81B5649AB00A7F355 /* Project object */ = {
			isa = PBXProject;
			attributes = {
				LastUpgradeCheck = 0640;
				ORGANIZATIONNAME = Donler;
				TargetAttributes = {
					9649B4CF1B5649AC00A7F355 = {
						CreatedOnToolsVersion = 6.4;
					};
					9649B4E81B5649AC00A7F355 = {
						CreatedOnToolsVersion = 6.4;
						TestTargetID = 9649B4CF1B5649AC00A7F355;
					};
				};
			};
			buildConfigurationList = 9649B4CB1B5649AB00A7F355 /* Build configuration list for PBXProject "app" */;
			compatibilityVersion = "Xcode 3.2";
			developmentRegion = English;
			hasScannedForEncodings = 0;
			knownRegions = (
				en,
				Base,
			);
			mainGroup = 9649B4C71B5649AB00A7F355;
			productRefGroup = 9649B4D11B5649AC00A7F355 /* Products */;
			projectDirPath = "";
			projectRoot = "";
			targets = (
				9649B4CF1B5649AC00A7F355 /* app */,
				9649B4E81B5649AC00A7F355 /* appTests */,
			);
		};
/* End PBXProject section */

/* Begin PBXResourcesBuildPhase section */
		9649B4CE1B5649AC00A7F355 /* Resources */ = {
			isa = PBXResourcesBuildPhase;
			buildActionMask = 2147483647;
			files = (
				961053511B590C31002D62A3 /* CurrentActivitysShowCell.xib in Resources */,
				A419932E1B5F99910086EAAE /* woman.png in Resources */,
				A45056181B60D2110075E39D /* welcome-1.png in Resources */,
				9649B5471B565E5900A7F355 /* CompanyViewController.storyboard in Resources */,
				A419932F1B5F99910086EAAE /* gray-woman.png in Resources */,
				A4651D401B58DFB9008BAEE8 /* 2.png in Resources */,
				96CF8EFE1B671E93001759E2 /* RouteInfo.plist in Resources */,
				A45056171B60D2110075E39D /* welcome-4.png in Resources */,
				A4651D3E1B58DFAE008BAEE8 /* OK.png in Resources */,
				A4A009C21B579F5B005AC35F /* 2.jpg in Resources */,
				A4C7BE341B5E3D9D00473787 /* insert.png in Resources */,
				A4651D871B58F8C6008BAEE8 /* delete-circular.png in Resources */,
				A450561A1B60D2110075E39D /* welcome-3.png in Resources */,
				A41CF0DA1B5CE155005C21EF /* mark.png in Resources */,
				A45056191B60D2110075E39D /* welcome-2.png in Resources */,
				A4311F5D1B577D50004401B4 /* ColleagueViewCell.xib in Resources */,
				A4651D3D1B58DFAE008BAEE8 /* No.png in Resources */,
				A41993311B5F99910086EAAE /* gray-man.png in Resources */,
				9649B4E11B5649AC00A7F355 /* Images.xcassets in Resources */,
				A41993301B5F99910086EAAE /* man.png in Resources */,
				961053531B590C31002D62A3 /* OtherActivityShowCell.xib in Resources */,
				A4651D421B58DFC7008BAEE8 /* addImage.png in Resources */,
			);
			runOnlyForDeploymentPostprocessing = 0;
		};
		9649B4E71B5649AC00A7F355 /* Resources */ = {
			isa = PBXResourcesBuildPhase;
			buildActionMask = 2147483647;
			files = (
			);
			runOnlyForDeploymentPostprocessing = 0;
		};
/* End PBXResourcesBuildPhase section */

/* Begin PBXShellScriptBuildPhase section */
		852C18A2F334CDCFA58E6F6C /* Copy Pods Resources */ = {
			isa = PBXShellScriptBuildPhase;
			buildActionMask = 2147483647;
			files = (
			);
			inputPaths = (
			);
			name = "Copy Pods Resources";
			outputPaths = (
			);
			runOnlyForDeploymentPostprocessing = 0;
			shellPath = /bin/sh;
			shellScript = "\"${SRCROOT}/Pods/Target Support Files/Pods/Pods-resources.sh\"\n";
			showEnvVarsInLog = 0;
		};
		A9B1FD278DBBB9BA8C9ACC7B /* Check Pods Manifest.lock */ = {
			isa = PBXShellScriptBuildPhase;
			buildActionMask = 2147483647;
			files = (
			);
			inputPaths = (
			);
			name = "Check Pods Manifest.lock";
			outputPaths = (
			);
			runOnlyForDeploymentPostprocessing = 0;
			shellPath = /bin/sh;
			shellScript = "diff \"${PODS_ROOT}/../Podfile.lock\" \"${PODS_ROOT}/Manifest.lock\" > /dev/null\nif [[ $? != 0 ]] ; then\n    cat << EOM\nerror: The sandbox is not in sync with the Podfile.lock. Run 'pod install' or update your CocoaPods installation.\nEOM\n    exit 1\nfi\n";
			showEnvVarsInLog = 0;
		};
/* End PBXShellScriptBuildPhase section */

/* Begin PBXSourcesBuildPhase section */
		9649B4CC1B5649AC00A7F355 /* Sources */ = {
			isa = PBXSourcesBuildPhase;
			buildActionMask = 2147483647;
			files = (
				A481A1F21B65C6C100845046 /* PaggingScrollView.m in Sources */,
				A45056201B60F0270075E39D /* DLNavigationBar.m in Sources */,
				A459C4C81B623F40003D32C8 /* GroupCardViewCell.m in Sources */,
				A459C4CE1B624311003D32C8 /* GuideViewController.m in Sources */,
				A459C4BF1B620C88003D32C8 /* RegisterViewController.m in Sources */,
				A450561F1B60F01F0075E39D /* DSNavigationBar.m in Sources */,
				A450561E1B60F00F0075E39D /* RankItemCell.m in Sources */,
				A41CF0DE1B5D02DA005C21EF /* RankController.m in Sources */,
				96D20EC01B6203A100102D18 /* HitTestView.m in Sources */,
				961053641B5C9C51002D62A3 /* LineLayout.m in Sources */,
				961053501B590C31002D62A3 /* CurrentActivitysShowCell.m in Sources */,
				A450561D1B60EF980075E39D /* RankItemLayoutAttr.m in Sources */,
				A41993231B5F95AB0086EAAE /* CompanyTableViewCell.m in Sources */,
				961053611B5C9550002D62A3 /* RankShowViewCell.m in Sources */,
				A4F315731B5E4F7A00126C8A /* GroupViewController.m in Sources */,
				A4F315661B5E4BFB00126C8A /* ChoosePhotoView.m in Sources */,
				96CF8F0B1B672374001759E2 /* RouteInfoModel.m in Sources */,
				9649B5411B564DE000A7F355 /* main.m in Sources */,
				9649B5521B5663CE00A7F355 /* Test1ViewController.m in Sources */,
				A459C4C51B62305D003D32C8 /* GroupCardModel.m in Sources */,
				96D20EB81B60AE5D00102D18 /* DLNavBar.m in Sources */,
				96D20EBB1B60C4EE00102D18 /* ActivityShowTableController.m in Sources */,
				96D20EAF1B5F97F300102D18 /* RankListController.m in Sources */,
				9610535B1B590C96002D62A3 /* InteractiveViewController.m in Sources */,
				9649B5451B564DE000A7F355 /* UIView+Extension.m in Sources */,
				9610536A1B5CDB0B002D62A3 /* DetailActivityShowView.m in Sources */,
				9649B53A1B564DE000A7F355 /* CircleImageView.m in Sources */,
				A4F315681B5E4BFB00126C8A /* photoHeader.m in Sources */,
				961053541B590C31002D62A3 /* OtherSegmentButton.m in Sources */,
				A422697A1B671D7E001B4DE6 /* DLNetworkRequest.m in Sources */,
				A41993241B5F95AB0086EAAE /* LoginMailTableViewCell.m in Sources */,
				961053581B590C70002D62A3 /* OtherController.m in Sources */,
				961053671B5CDA89002D62A3 /* DetailActivityShowController.m in Sources */,
				A4F315701B5E4F6100126C8A /* AddressViewController.m in Sources */,
				9649B5401B564DE000A7F355 /* MainController.m in Sources */,
				9610534F1B590C31002D62A3 /* ActivitysShowView.m in Sources */,
				A4F315671B5E4BFB00126C8A /* PhotoCell.m in Sources */,
				A459C4CB1B6242A2003D32C8 /* LoginViewController.m in Sources */,
				A4311F4F1B57565A004401B4 /* CompanyDetailCell.m in Sources */,
				9649B53E1B564DE000A7F355 /* CompanyViewController.m in Sources */,
				9649B53D1B564DE000A7F355 /* ChatViewController.m in Sources */,
				A4311F521B575F37004401B4 /* CompanyHeader.m in Sources */,
				A41993221B5F95AB0086EAAE /* CompanyModel.m in Sources */,
				A4F315651B5E4BFB00126C8A /* ChoosePhotoController.m in Sources */,
				A43E36B71B58C55500AA2FC7 /* ConditionController.m in Sources */,
				9649B5421B564DE000A7F355 /* ProfileViewController.m in Sources */,
				9649B53C1B564DE000A7F355 /* AttentionViewController.m in Sources */,
				A4F3156A1B5E4BFB00126C8A /* PhotoShouCell.m in Sources */,
				A45056111B60CDBD0075E39D /* CompanyRegisterViewController.m in Sources */,
				96CF8F011B671F5B001759E2 /* RouteManager.m in Sources */,
				A4F315691B5E4BFB00126C8A /* PhotoPlayController.m in Sources */,
				A4311F5C1B577D50004401B4 /* ColleagueViewCell.m in Sources */,
				961053521B590C31002D62A3 /* OtherActivityShowCell.m in Sources */,
				96D23E331B57A6DC0079193C /* UIBarButtonItem+Extension.m in Sources */,
				A41993211B5F95AB0086EAAE /* CheckViewController.m in Sources */,
				9649B5371B564DE000A7F355 /* AppDelegate.m in Sources */,
				A4311F4B1B574748004401B4 /* CompanySmallCell.m in Sources */,
				A450560D1B608F250075E39D /* CardChooseView.m in Sources */,
				A4311F551B577BE1004401B4 /* ColleagueViewController.m in Sources */,
				96D23E301B57A5870079193C /* DLNavigationController.m in Sources */,
			);
			runOnlyForDeploymentPostprocessing = 0;
		};
		9649B4E51B5649AC00A7F355 /* Sources */ = {
			isa = PBXSourcesBuildPhase;
			buildActionMask = 2147483647;
			files = (
				9649B4F01B5649AC00A7F355 /* appTests.m in Sources */,
			);
			runOnlyForDeploymentPostprocessing = 0;
		};
/* End PBXSourcesBuildPhase section */

/* Begin PBXTargetDependency section */
		9649B4EB1B5649AC00A7F355 /* PBXTargetDependency */ = {
			isa = PBXTargetDependency;
			target = 9649B4CF1B5649AC00A7F355 /* app */;
			targetProxy = 9649B4EA1B5649AC00A7F355 /* PBXContainerItemProxy */;
		};
/* End PBXTargetDependency section */

/* Begin PBXVariantGroup section */
		9649B4E21B5649AC00A7F355 /* LaunchScreen.xib */ = {
			isa = PBXVariantGroup;
			children = (
				9649B4E31B5649AC00A7F355 /* Base */,
			);
			name = LaunchScreen.xib;
			sourceTree = "<group>";
		};
/* End PBXVariantGroup section */

/* Begin XCBuildConfiguration section */
		9649B4F11B5649AC00A7F355 /* Debug */ = {
			isa = XCBuildConfiguration;
			buildSettings = {
				ALWAYS_SEARCH_USER_PATHS = NO;
				CLANG_CXX_LANGUAGE_STANDARD = "gnu++0x";
				CLANG_CXX_LIBRARY = "libc++";
				CLANG_ENABLE_MODULES = YES;
				CLANG_ENABLE_OBJC_ARC = YES;
				CLANG_WARN_BOOL_CONVERSION = YES;
				CLANG_WARN_CONSTANT_CONVERSION = YES;
				CLANG_WARN_DIRECT_OBJC_ISA_USAGE = YES_ERROR;
				CLANG_WARN_EMPTY_BODY = YES;
				CLANG_WARN_ENUM_CONVERSION = YES;
				CLANG_WARN_INT_CONVERSION = YES;
				CLANG_WARN_OBJC_ROOT_CLASS = YES_ERROR;
				CLANG_WARN_UNREACHABLE_CODE = YES;
				CLANG_WARN__DUPLICATE_METHOD_MATCH = YES;
				"CODE_SIGN_IDENTITY[sdk=iphoneos*]" = "iPhone Developer";
				COPY_PHASE_STRIP = NO;
				DEBUG_INFORMATION_FORMAT = "dwarf-with-dsym";
				ENABLE_STRICT_OBJC_MSGSEND = YES;
				GCC_C_LANGUAGE_STANDARD = gnu99;
				GCC_DYNAMIC_NO_PIC = NO;
				GCC_NO_COMMON_BLOCKS = YES;
				GCC_OPTIMIZATION_LEVEL = 0;
				GCC_PREPROCESSOR_DEFINITIONS = (
					"DEBUG=1",
					"$(inherited)",
				);
				GCC_SYMBOLS_PRIVATE_EXTERN = NO;
				GCC_WARN_64_TO_32_BIT_CONVERSION = YES;
				GCC_WARN_ABOUT_RETURN_TYPE = YES_ERROR;
				GCC_WARN_UNDECLARED_SELECTOR = YES;
				GCC_WARN_UNINITIALIZED_AUTOS = YES_AGGRESSIVE;
				GCC_WARN_UNUSED_FUNCTION = YES;
				GCC_WARN_UNUSED_VARIABLE = YES;
				IPHONEOS_DEPLOYMENT_TARGET = 8.4;
				MTL_ENABLE_DEBUG_INFO = YES;
				ONLY_ACTIVE_ARCH = YES;
				SDKROOT = iphoneos;
				TARGETED_DEVICE_FAMILY = "1,2";
			};
			name = Debug;
		};
		9649B4F21B5649AC00A7F355 /* Release */ = {
			isa = XCBuildConfiguration;
			buildSettings = {
				ALWAYS_SEARCH_USER_PATHS = NO;
				CLANG_CXX_LANGUAGE_STANDARD = "gnu++0x";
				CLANG_CXX_LIBRARY = "libc++";
				CLANG_ENABLE_MODULES = YES;
				CLANG_ENABLE_OBJC_ARC = YES;
				CLANG_WARN_BOOL_CONVERSION = YES;
				CLANG_WARN_CONSTANT_CONVERSION = YES;
				CLANG_WARN_DIRECT_OBJC_ISA_USAGE = YES_ERROR;
				CLANG_WARN_EMPTY_BODY = YES;
				CLANG_WARN_ENUM_CONVERSION = YES;
				CLANG_WARN_INT_CONVERSION = YES;
				CLANG_WARN_OBJC_ROOT_CLASS = YES_ERROR;
				CLANG_WARN_UNREACHABLE_CODE = YES;
				CLANG_WARN__DUPLICATE_METHOD_MATCH = YES;
				"CODE_SIGN_IDENTITY[sdk=iphoneos*]" = "iPhone Developer";
				COPY_PHASE_STRIP = NO;
				DEBUG_INFORMATION_FORMAT = "dwarf-with-dsym";
				ENABLE_NS_ASSERTIONS = NO;
				ENABLE_STRICT_OBJC_MSGSEND = YES;
				GCC_C_LANGUAGE_STANDARD = gnu99;
				GCC_NO_COMMON_BLOCKS = YES;
				GCC_WARN_64_TO_32_BIT_CONVERSION = YES;
				GCC_WARN_ABOUT_RETURN_TYPE = YES_ERROR;
				GCC_WARN_UNDECLARED_SELECTOR = YES;
				GCC_WARN_UNINITIALIZED_AUTOS = YES_AGGRESSIVE;
				GCC_WARN_UNUSED_FUNCTION = YES;
				GCC_WARN_UNUSED_VARIABLE = YES;
				IPHONEOS_DEPLOYMENT_TARGET = 8.4;
				MTL_ENABLE_DEBUG_INFO = NO;
				SDKROOT = iphoneos;
				TARGETED_DEVICE_FAMILY = "1,2";
				VALIDATE_PRODUCT = YES;
			};
			name = Release;
		};
		9649B4F41B5649AC00A7F355 /* Debug */ = {
			isa = XCBuildConfiguration;
			baseConfigurationReference = 10F0C3979CC574166680CAB5 /* Pods.debug.xcconfig */;
			buildSettings = {
				ASSETCATALOG_COMPILER_APPICON_NAME = AppIcon;
				CODE_SIGN_IDENTITY = "iPhone Developer";
				GCC_PREFIX_HEADER = "$(SRCROOT)/app/Classes/Helpers/PrefixHeader.pch";
				INFOPLIST_FILE = app/Info.plist;
				LD_RUNPATH_SEARCH_PATHS = "$(inherited) @executable_path/Frameworks";
				PRODUCT_NAME = "$(TARGET_NAME)";
			};
			name = Debug;
		};
		9649B4F51B5649AC00A7F355 /* Release */ = {
			isa = XCBuildConfiguration;
			baseConfigurationReference = C836FD3FBA4AB74B0A650FF1 /* Pods.release.xcconfig */;
			buildSettings = {
				ASSETCATALOG_COMPILER_APPICON_NAME = AppIcon;
				CODE_SIGN_IDENTITY = "iPhone Developer";
				GCC_PREFIX_HEADER = "$(SRCROOT)/app/Classes/Helpers/PrefixHeader.pch";
				INFOPLIST_FILE = app/Info.plist;
				LD_RUNPATH_SEARCH_PATHS = "$(inherited) @executable_path/Frameworks";
				PRODUCT_NAME = "$(TARGET_NAME)";
			};
			name = Release;
		};
		9649B4F71B5649AC00A7F355 /* Debug */ = {
			isa = XCBuildConfiguration;
			buildSettings = {
				BUNDLE_LOADER = "$(TEST_HOST)";
				FRAMEWORK_SEARCH_PATHS = (
					"$(SDKROOT)/Developer/Library/Frameworks",
					"$(inherited)",
				);
				GCC_PREPROCESSOR_DEFINITIONS = (
					"DEBUG=1",
					"$(inherited)",
				);
				INFOPLIST_FILE = appTests/Info.plist;
				LD_RUNPATH_SEARCH_PATHS = "$(inherited) @executable_path/Frameworks @loader_path/Frameworks";
				PRODUCT_NAME = "$(TARGET_NAME)";
				TEST_HOST = "$(BUILT_PRODUCTS_DIR)/app.app/app";
			};
			name = Debug;
		};
		9649B4F81B5649AC00A7F355 /* Release */ = {
			isa = XCBuildConfiguration;
			buildSettings = {
				BUNDLE_LOADER = "$(TEST_HOST)";
				FRAMEWORK_SEARCH_PATHS = (
					"$(SDKROOT)/Developer/Library/Frameworks",
					"$(inherited)",
				);
				INFOPLIST_FILE = appTests/Info.plist;
				LD_RUNPATH_SEARCH_PATHS = "$(inherited) @executable_path/Frameworks @loader_path/Frameworks";
				PRODUCT_NAME = "$(TARGET_NAME)";
				TEST_HOST = "$(BUILT_PRODUCTS_DIR)/app.app/app";
			};
			name = Release;
		};
/* End XCBuildConfiguration section */

/* Begin XCConfigurationList section */
		9649B4CB1B5649AB00A7F355 /* Build configuration list for PBXProject "app" */ = {
			isa = XCConfigurationList;
			buildConfigurations = (
				9649B4F11B5649AC00A7F355 /* Debug */,
				9649B4F21B5649AC00A7F355 /* Release */,
			);
			defaultConfigurationIsVisible = 0;
			defaultConfigurationName = Release;
		};
		9649B4F31B5649AC00A7F355 /* Build configuration list for PBXNativeTarget "app" */ = {
			isa = XCConfigurationList;
			buildConfigurations = (
				9649B4F41B5649AC00A7F355 /* Debug */,
				9649B4F51B5649AC00A7F355 /* Release */,
			);
			defaultConfigurationIsVisible = 0;
			defaultConfigurationName = Release;
		};
		9649B4F61B5649AC00A7F355 /* Build configuration list for PBXNativeTarget "appTests" */ = {
			isa = XCConfigurationList;
			buildConfigurations = (
				9649B4F71B5649AC00A7F355 /* Debug */,
				9649B4F81B5649AC00A7F355 /* Release */,
			);
			defaultConfigurationIsVisible = 0;
			defaultConfigurationName = Release;
		};
/* End XCConfigurationList section */
	};
	rootObject = 9649B4C81B5649AB00A7F355 /* Project object */;
}
